
Microsoft Visual Studio Solution File, Format Version 12.00
# Visual Studio Version 17
VisualStudioVersion = 17.7.34031.279
MinimumVisualStudioVersion = 10.0.40219.1
Project("{FAE04EC0-301F-11D3-BF4B-00C04F79EFBC}") = "Catalogo.Application", "Catalogo.Application\Catalogo.Application.csproj", "{61CB8FBA-9E70-496F-BA48-990372E06F23}"
EndProject
Project("{FAE04EC0-301F-11D3-BF4B-00C04F79EFBC}") = "Catalogo.CrossCutting", "Catalogo.CrossCutting\Catalogo.CrossCutting.csproj", "{6D53C196-05A1-4544-8CE8-573887E46A21}"
EndProject
Project("{FAE04EC0-301F-11D3-BF4B-00C04F79EFBC}") = "Catalogo.Domain", "Catalogo.Domain\Catalogo.Domain.csproj", "{F69BA804-7B33-4B12-9024-1AEA01CD073B}"
EndProject
Project("{FAE04EC0-301F-11D3-BF4B-00C04F79EFBC}") = "Catalogo.Infrastructure", "Catalogo.Infrastructure\Catalogo.Infrastructure.csproj", "{0C010D49-3669-4EFE-88AE-5CBDF499023D}"
EndProject
Project("{FAE04EC0-301F-11D3-BF4B-00C04F79EFBC}") = "Catalogo.API", "Catalogo.API\Catalogo.API.csproj", "{0947B148-FCB2-417A-AB1C-9BC03CA42B4C}"
EndProject
Global
	GlobalSection(SolutionConfigurationPlatforms) = preSolution
		Debug|Any CPU = Debug|Any CPU
		Release|Any CPU = Release|Any CPU
	EndGlobalSection
	GlobalSection(ProjectConfigurationPlatforms) = postSolution
		{61CB8FBA-9E70-496F-BA48-990372E06F23}.Debug|Any CPU.ActiveCfg = Debug|Any CPU
		{61CB8FBA-9E70-496F-BA48-990372E06F23}.Debug|Any CPU.Build.0 = Debug|Any CPU
		{61CB8FBA-9E70-496F-BA48-990372E06F23}.Release|Any CPU.ActiveCfg = Release|Any CPU
		{61CB8FBA-9E70-496F-BA48-990372E06F23}.Release|Any CPU.Build.0 = Release|Any CPU
		{6D53C196-05A1-4544-8CE8-573887E46A21}.Debug|Any CPU.ActiveCfg = Debug|Any CPU
		{6D53C196-05A1-4544-8CE8-573887E46A21}.Debug|Any CPU.Build.0 = Debug|Any CPU
		{6D53C196-05A1-4544-8CE8-573887E46A21}.Release|Any CPU.ActiveCfg = Release|Any CPU
		{6D53C196-05A1-4544-8CE8-573887E46A21}.Release|Any CPU.Build.0 = Release|Any CPU
		{F69BA804-7B33-4B12-9024-1AEA01CD073B}.Debug|Any CPU.ActiveCfg = Debug|Any CPU
		{F69BA804-7B33-4B12-9024-1AEA01CD073B}.Debug|Any CPU.Build.0 = Debug|Any CPU
		{F69BA804-7B33-4B12-9024-1AEA01CD073B}.Release|Any CPU.ActiveCfg = Release|Any CPU
		{F69BA804-7B33-4B12-9024-1AEA01CD073B}.Release|Any CPU.Build.0 = Release|Any CPU
		{0C010D49-3669-4EFE-88AE-5CBDF499023D}.Debug|Any CPU.ActiveCfg = Debug|Any CPU
		{0C010D49-3669-4EFE-88AE-5CBDF499023D}.Debug|Any CPU.Build.0 = Debug|Any CPU
		{0C010D49-3669-4EFE-88AE-5CBDF499023D}.Release|Any CPU.ActiveCfg = Release|Any CPU
		{0C010D49-3669-4EFE-88AE-5CBDF499023D}.Release|Any CPU.Build.0 = Release|Any CPU
		{0947B148-FCB2-417A-AB1C-9BC03CA42B4C}.Debug|Any CPU.ActiveCfg = Debug|Any CPU
		{0947B148-FCB2-417A-AB1C-9BC03CA42B4C}.Debug|Any CPU.Build.0 = Debug|Any CPU
		{0947B148-FCB2-417A-AB1C-9BC03CA42B4C}.Release|Any CPU.ActiveCfg = Release|Any CPU
		{0947B148-FCB2-417A-AB1C-9BC03CA42B4C}.Release|Any CPU.Build.0 = Release|Any CPU
	EndGlobalSection
	GlobalSection(SolutionProperties) = preSolution
		HideSolutionNode = FALSE
	EndGlobalSection
	GlobalSection(ExtensibilityGlobals) = postSolution
		SolutionGuid = {3F4EBCC5-D23E-4736-BC28-119BE7984AF0}
	EndGlobalSection
EndGlobal
